
Microsoft Visual Studio Solution File, Format Version 12.00
# Visual Studio 14
VisualStudioVersion = 14.0.25420.1
MinimumVisualStudioVersion = 10.0.40219.1
Project("{FAE04EC0-301F-11D3-BF4B-00C04F79EFBC}") = "Eagle.ExternalIntegrationWebApi", "Eagle.ExternalIntegrationWebApi\Eagle.ExternalIntegrationWebApi.csproj", "{B859BB75-C67A-40C3-B852-244692A8E807}"
EndProject
Project("{FAE04EC0-301F-11D3-BF4B-00C04F79EFBC}") = "Eagle.ExternalIntegration.Service", "Eagle.ExternalIntegration.Service\Eagle.ExternalIntegration.Service.csproj", "{7FF1EFD2-F698-4CCE-ADB2-1D7B7D76BEB4}"
EndProject
Global
	GlobalSection(SolutionConfigurationPlatforms) = preSolution
		Debug|Any CPU = Debug|Any CPU
		Release|Any CPU = Release|Any CPU
	EndGlobalSection
	GlobalSection(ProjectConfigurationPlatforms) = postSolution
		{B859BB75-C67A-40C3-B852-244692A8E807}.Debug|Any CPU.ActiveCfg = Debug|Any CPU
		{B859BB75-C67A-40C3-B852-244692A8E807}.Debug|Any CPU.Build.0 = Debug|Any CPU
		{B859BB75-C67A-40C3-B852-244692A8E807}.Release|Any CPU.ActiveCfg = Release|Any CPU
		{B859BB75-C67A-40C3-B852-244692A8E807}.Release|Any CPU.Build.0 = Release|Any CPU
		{7FF1EFD2-F698-4CCE-ADB2-1D7B7D76BEB4}.Debug|Any CPU.ActiveCfg = Debug|Any CPU
		{7FF1EFD2-F698-4CCE-ADB2-1D7B7D76BEB4}.Debug|Any CPU.Build.0 = Debug|Any CPU
		{7FF1EFD2-F698-4CCE-ADB2-1D7B7D76BEB4}.Release|Any CPU.ActiveCfg = Release|Any CPU
		{7FF1EFD2-F698-4CCE-ADB2-1D7B7D76BEB4}.Release|Any CPU.Build.0 = Release|Any CPU
	EndGlobalSection
	GlobalSection(SolutionProperties) = preSolution
		HideSolutionNode = FALSE
	EndGlobalSection
EndGlobal
